
Microsoft Visual Studio Solution File, Format Version 12.00
# Visual Studio Version 17
VisualStudioVersion = 17.11.35312.102
MinimumVisualStudioVersion = 10.0.40219.1
Project("{FAE04EC0-301F-11D3-BF4B-00C04F79EFBC}") = "EmbalsoftLivros.Api", "src\EmbalsoftLivros.Api\EmbalsoftLivros.Api.csproj", "{674DA5CF-856D-4650-A15D-0716B80E27BA}"
EndProject
Project("{FAE04EC0-301F-11D3-BF4B-00C04F79EFBC}") = "EmbalsoftLivros.Infra", "src\EmbalsoftLivros.Infra\EmbalsoftLivros.Infra.csproj", "{0E45594C-D5C4-4081-AE13-9A6363028C3B}"
EndProject
Project("{9A19103F-16F7-4668-BE54-9A1E7A4F7556}") = "EmbalsoftLivros.Core", "src\EmbalsoftLivros.Core\EmbalsoftLivros.Core.csproj", "{07B084BD-81EA-45BE-AE86-D3633E19D403}"
EndProject
Global
	GlobalSection(SolutionConfigurationPlatforms) = preSolution
		Debug|Any CPU = Debug|Any CPU
		Release|Any CPU = Release|Any CPU
	EndGlobalSection
	GlobalSection(ProjectConfigurationPlatforms) = postSolution
		{674DA5CF-856D-4650-A15D-0716B80E27BA}.Debug|Any CPU.ActiveCfg = Debug|Any CPU
		{674DA5CF-856D-4650-A15D-0716B80E27BA}.Debug|Any CPU.Build.0 = Debug|Any CPU
		{674DA5CF-856D-4650-A15D-0716B80E27BA}.Release|Any CPU.ActiveCfg = Release|Any CPU
		{674DA5CF-856D-4650-A15D-0716B80E27BA}.Release|Any CPU.Build.0 = Release|Any CPU
		{0E45594C-D5C4-4081-AE13-9A6363028C3B}.Debug|Any CPU.ActiveCfg = Debug|Any CPU
		{0E45594C-D5C4-4081-AE13-9A6363028C3B}.Debug|Any CPU.Build.0 = Debug|Any CPU
		{0E45594C-D5C4-4081-AE13-9A6363028C3B}.Release|Any CPU.ActiveCfg = Release|Any CPU
		{0E45594C-D5C4-4081-AE13-9A6363028C3B}.Release|Any CPU.Build.0 = Release|Any CPU
		{07B084BD-81EA-45BE-AE86-D3633E19D403}.Debug|Any CPU.ActiveCfg = Debug|Any CPU
		{07B084BD-81EA-45BE-AE86-D3633E19D403}.Debug|Any CPU.Build.0 = Debug|Any CPU
		{07B084BD-81EA-45BE-AE86-D3633E19D403}.Release|Any CPU.ActiveCfg = Release|Any CPU
		{07B084BD-81EA-45BE-AE86-D3633E19D403}.Release|Any CPU.Build.0 = Release|Any CPU
	EndGlobalSection
	GlobalSection(SolutionProperties) = preSolution
		HideSolutionNode = FALSE
	EndGlobalSection
	GlobalSection(ExtensibilityGlobals) = postSolution
		SolutionGuid = {C97356DF-E39B-4AA8-B227-E1E44509926D}
	EndGlobalSection
EndGlobal
